// !$*UTF8*$!
{
	archiveVersion = 1;
	classes = {
	};
	objectVersion = 77;
	objects = {

/* Begin PBXBuildFile section */
		662B31FB2D3E7B9C00991F1A /* GRDB in Frameworks */ = {isa = PBXBuildFile; productRef = 662B31FA2D3E7B9C00991F1A /* GRDB */; };
		662B31FD2D3E7BA800991F1A /* GRDBSQLite in Frameworks */ = {isa = PBXBuildFile; productRef = 662B31FC2D3E7BA800991F1A /* GRDBSQLite */; };
		662B32032D3E940E00991F1A /* Coordinator.swift in Sources */ = {isa = PBXBuildFile; fileRef = 662B32022D3E940B00991F1A /* Coordinator.swift */; };
		662B32052D3EAB9C00991F1A /* EventCardView.swift in Sources */ = {isa = PBXBuildFile; fileRef = 662B32042D3EAB9700991F1A /* EventCardView.swift */; };
		6692369E2D3E6A1900507B0A /* Preview Assets.xcassets in Resources */ = {isa = PBXBuildFile; fileRef = 669236982D3E6A1900507B0A /* Preview Assets.xcassets */; };
		6692369F2D3E6A1900507B0A /* Assets.xcassets in Resources */ = {isa = PBXBuildFile; fileRef = 6692369A2D3E6A1900507B0A /* Assets.xcassets */; };
		669236A02D3E6A1900507B0A /* ContentView.swift in Sources */ = {isa = PBXBuildFile; fileRef = 6692369B2D3E6A1900507B0A /* ContentView.swift */; };
		669236A12D3E6A1900507B0A /* EventManagerApp.swift in Sources */ = {isa = PBXBuildFile; fileRef = 6692369C2D3E6A1900507B0A /* EventManagerApp.swift */; };
		669236AA2D3E6BAA00507B0A /* EventListView.swift in Sources */ = {isa = PBXBuildFile; fileRef = 669236A92D3E6BAA00507B0A /* EventListView.swift */; };
		669236AC2D3E6BB700507B0A /* EventDetailView.swift in Sources */ = {isa = PBXBuildFile; fileRef = 669236AB2D3E6BB700507B0A /* EventDetailView.swift */; };
		669236AE2D3E6BC300507B0A /* EventCreationView.swift in Sources */ = {isa = PBXBuildFile; fileRef = 669236AD2D3E6BC300507B0A /* EventCreationView.swift */; };
		669236B02D3E6BD200507B0A /* EventCreationVM.swift in Sources */ = {isa = PBXBuildFile; fileRef = 669236AF2D3E6BCE00507B0A /* EventCreationVM.swift */; };
		669236B22D3E6BF500507B0A /* EventDetailVM.swift in Sources */ = {isa = PBXBuildFile; fileRef = 669236B12D3E6BE800507B0A /* EventDetailVM.swift */; };
		669236B62D3E6C1600507B0A /* EventListVM.swift in Sources */ = {isa = PBXBuildFile; fileRef = 669236B52D3E6C0F00507B0A /* EventListVM.swift */; };
		669236B82D3E6C3600507B0A /* Event.swift in Sources */ = {isa = PBXBuildFile; fileRef = 669236B72D3E6C3400507B0A /* Event.swift */; };
		669236BD2D3E6C6C00507B0A /* CreateEventUseCase.swift in Sources */ = {isa = PBXBuildFile; fileRef = 669236BC2D3E6C6900507B0A /* CreateEventUseCase.swift */; };
		669236BF2D3E6C7700507B0A /* FetchEventsUseCase.swift in Sources */ = {isa = PBXBuildFile; fileRef = 669236BE2D3E6C7600507B0A /* FetchEventsUseCase.swift */; };
		669236C52D3E6D1500507B0A /* EventRepoImpl.swift in Sources */ = {isa = PBXBuildFile; fileRef = 669236C42D3E6D0200507B0A /* EventRepoImpl.swift */; };
		669236C72D3E6D2600507B0A /* EventRepo.swift in Sources */ = {isa = PBXBuildFile; fileRef = 669236C62D3E6D2200507B0A /* EventRepo.swift */; };
		669236CD2D3E6D6000507B0A /* DatabaseManager.swift in Sources */ = {isa = PBXBuildFile; fileRef = 669236CC2D3E6D5300507B0A /* DatabaseManager.swift */; };
		669236D32D3E6FD100507B0A /* EventRecord.swift in Sources */ = {isa = PBXBuildFile; fileRef = 669236D22D3E6FCE00507B0A /* EventRecord.swift */; };
		66ABE60F2D4025F80014C8E9 /* Date+String.swift in Sources */ = {isa = PBXBuildFile; fileRef = 66ABE60E2D4025F40014C8E9 /* Date+String.swift */; };
		66ABE6112D4027CE0014C8E9 /* VLine.swift in Sources */ = {isa = PBXBuildFile; fileRef = 66ABE6102D4027CD0014C8E9 /* VLine.swift */; };
		66ABE6192D4036A10014C8E9 /* ThumbanilGenerator.swift in Sources */ = {isa = PBXBuildFile; fileRef = 66ABE6182D4036990014C8E9 /* ThumbanilGenerator.swift */; };
		66ABE61C2D4056BD0014C8E9 /* FileManagerHelper.swift in Sources */ = {isa = PBXBuildFile; fileRef = 66ABE61B2D4056BB0014C8E9 /* FileManagerHelper.swift */; };
		66ABE61E2D40665E0014C8E9 /* ResizeHelper.swift in Sources */ = {isa = PBXBuildFile; fileRef = 66ABE61D2D4066590014C8E9 /* ResizeHelper.swift */; };
/* End PBXBuildFile section */

/* Begin PBXCopyFilesBuildPhase section */
		662B32012D3E7BAC00991F1A /* Embed Frameworks */ = {
			isa = PBXCopyFilesBuildPhase;
			buildActionMask = 2147483647;
			dstPath = "";
			dstSubfolderSpec = 10;
			files = (
			);
			name = "Embed Frameworks";
			runOnlyForDeploymentPostprocessing = 0;
		};
/* End PBXCopyFilesBuildPhase section */

/* Begin PBXFileReference section */
		662B32022D3E940B00991F1A /* Coordinator.swift */ = {isa = PBXFileReference; lastKnownFileType = sourcecode.swift; path = Coordinator.swift; sourceTree = "<group>"; };
		662B32042D3EAB9700991F1A /* EventCardView.swift */ = {isa = PBXFileReference; lastKnownFileType = sourcecode.swift; path = EventCardView.swift; sourceTree = "<group>"; };
		669236752D3E688C00507B0A /* EventManager.app */ = {isa = PBXFileReference; explicitFileType = wrapper.application; includeInIndex = 0; path = EventManager.app; sourceTree = BUILT_PRODUCTS_DIR; };
		669236982D3E6A1900507B0A /* Preview Assets.xcassets */ = {isa = PBXFileReference; lastKnownFileType = folder.assetcatalog; path = "Preview Assets.xcassets"; sourceTree = "<group>"; };
		6692369A2D3E6A1900507B0A /* Assets.xcassets */ = {isa = PBXFileReference; lastKnownFileType = folder.assetcatalog; path = Assets.xcassets; sourceTree = "<group>"; };
		6692369B2D3E6A1900507B0A /* ContentView.swift */ = {isa = PBXFileReference; lastKnownFileType = sourcecode.swift; path = ContentView.swift; sourceTree = "<group>"; };
		6692369C2D3E6A1900507B0A /* EventManagerApp.swift */ = {isa = PBXFileReference; lastKnownFileType = sourcecode.swift; path = EventManagerApp.swift; sourceTree = "<group>"; };
		669236A92D3E6BAA00507B0A /* EventListView.swift */ = {isa = PBXFileReference; lastKnownFileType = sourcecode.swift; path = EventListView.swift; sourceTree = "<group>"; };
		669236AB2D3E6BB700507B0A /* EventDetailView.swift */ = {isa = PBXFileReference; lastKnownFileType = sourcecode.swift; path = EventDetailView.swift; sourceTree = "<group>"; };
		669236AD2D3E6BC300507B0A /* EventCreationView.swift */ = {isa = PBXFileReference; lastKnownFileType = sourcecode.swift; path = EventCreationView.swift; sourceTree = "<group>"; };
		669236AF2D3E6BCE00507B0A /* EventCreationVM.swift */ = {isa = PBXFileReference; lastKnownFileType = sourcecode.swift; path = EventCreationVM.swift; sourceTree = "<group>"; };
		669236B12D3E6BE800507B0A /* EventDetailVM.swift */ = {isa = PBXFileReference; lastKnownFileType = sourcecode.swift; path = EventDetailVM.swift; sourceTree = "<group>"; };
		669236B52D3E6C0F00507B0A /* EventListVM.swift */ = {isa = PBXFileReference; lastKnownFileType = sourcecode.swift; path = EventListVM.swift; sourceTree = "<group>"; };
		669236B72D3E6C3400507B0A /* Event.swift */ = {isa = PBXFileReference; lastKnownFileType = sourcecode.swift; path = Event.swift; sourceTree = "<group>"; };
		669236BC2D3E6C6900507B0A /* CreateEventUseCase.swift */ = {isa = PBXFileReference; lastKnownFileType = sourcecode.swift; path = CreateEventUseCase.swift; sourceTree = "<group>"; };
		669236BE2D3E6C7600507B0A /* FetchEventsUseCase.swift */ = {isa = PBXFileReference; lastKnownFileType = sourcecode.swift; path = FetchEventsUseCase.swift; sourceTree = "<group>"; };
		669236C42D3E6D0200507B0A /* EventRepoImpl.swift */ = {isa = PBXFileReference; lastKnownFileType = sourcecode.swift; path = EventRepoImpl.swift; sourceTree = "<group>"; };
		669236C62D3E6D2200507B0A /* EventRepo.swift */ = {isa = PBXFileReference; lastKnownFileType = sourcecode.swift; path = EventRepo.swift; sourceTree = "<group>"; };
		669236CC2D3E6D5300507B0A /* DatabaseManager.swift */ = {isa = PBXFileReference; lastKnownFileType = sourcecode.swift; path = DatabaseManager.swift; sourceTree = "<group>"; };
		669236D22D3E6FCE00507B0A /* EventRecord.swift */ = {isa = PBXFileReference; lastKnownFileType = sourcecode.swift; path = EventRecord.swift; sourceTree = "<group>"; };
		66ABE60E2D4025F40014C8E9 /* Date+String.swift */ = {isa = PBXFileReference; lastKnownFileType = sourcecode.swift; path = "Date+String.swift"; sourceTree = "<group>"; };
		66ABE6102D4027CD0014C8E9 /* VLine.swift */ = {isa = PBXFileReference; lastKnownFileType = sourcecode.swift; path = VLine.swift; sourceTree = "<group>"; };
		66ABE6182D4036990014C8E9 /* ThumbanilGenerator.swift */ = {isa = PBXFileReference; lastKnownFileType = sourcecode.swift; path = ThumbanilGenerator.swift; sourceTree = "<group>"; };
		66ABE61B2D4056BB0014C8E9 /* FileManagerHelper.swift */ = {isa = PBXFileReference; lastKnownFileType = sourcecode.swift; path = FileManagerHelper.swift; sourceTree = "<group>"; };
		66ABE61D2D4066590014C8E9 /* ResizeHelper.swift */ = {isa = PBXFileReference; lastKnownFileType = sourcecode.swift; path = ResizeHelper.swift; sourceTree = "<group>"; };
/* End PBXFileReference section */

/* Begin PBXFrameworksBuildPhase section */
		669236722D3E688C00507B0A /* Frameworks */ = {
			isa = PBXFrameworksBuildPhase;
			buildActionMask = 2147483647;
			files = (
				662B31FB2D3E7B9C00991F1A /* GRDB in Frameworks */,
				662B31FD2D3E7BA800991F1A /* GRDBSQLite in Frameworks */,
			);
			runOnlyForDeploymentPostprocessing = 0;
		};
/* End PBXFrameworksBuildPhase section */

/* Begin PBXGroup section */
		662B31F92D3E7B9C00991F1A /* Frameworks */ = {
			isa = PBXGroup;
			children = (
			);
			name = Frameworks;
			sourceTree = "<group>";
		};
		6692366C2D3E688C00507B0A = {
			isa = PBXGroup;
			children = (
				6692369D2D3E6A1900507B0A /* EventManager */,
				662B31F92D3E7B9C00991F1A /* Frameworks */,
				669236762D3E688C00507B0A /* Products */,
			);
			sourceTree = "<group>";
		};
		669236762D3E688C00507B0A /* Products */ = {
			isa = PBXGroup;
			children = (
				669236752D3E688C00507B0A /* EventManager.app */,
			);
			name = Products;
			sourceTree = "<group>";
		};
		669236992D3E6A1900507B0A /* Preview Content */ = {
			isa = PBXGroup;
			children = (
				669236982D3E6A1900507B0A /* Preview Assets.xcassets */,
			);
			path = "Preview Content";
			sourceTree = "<group>";
		};
		6692369D2D3E6A1900507B0A /* EventManager */ = {
			isa = PBXGroup;
			children = (
				669236A52D3E6B4500507B0A /* Core */,
				669236A42D3E6B4000507B0A /* Domain */,
				669236A22D3E6B3000507B0A /* Data */,
				669236A32D3E6B3500507B0A /* Presentation */,
				669236992D3E6A1900507B0A /* Preview Content */,
				6692369A2D3E6A1900507B0A /* Assets.xcassets */,
			);
			path = EventManager;
			sourceTree = "<group>";
		};
		669236A22D3E6B3000507B0A /* Data */ = {
			isa = PBXGroup;
			children = (
				669236CF2D3E6F9C00507B0A /* Models */,
				669236C82D3E6D3B00507B0A /* Persistance */,
				669236C32D3E6CFD00507B0A /* Repos */,
			);
			path = Data;
			sourceTree = "<group>";
		};
		669236A32D3E6B3500507B0A /* Presentation */ = {
			isa = PBXGroup;
			children = (
				6692369C2D3E6A1900507B0A /* EventManagerApp.swift */,
				662B32022D3E940B00991F1A /* Coordinator.swift */,
				6692369B2D3E6A1900507B0A /* ContentView.swift */,
				669236A62D3E6B7700507B0A /* Views */,
				669236A72D3E6B7E00507B0A /* ViewModels */,
				669236A82D3E6B8500507B0A /* Components */,
			);
			path = Presentation;
			sourceTree = "<group>";
		};
		669236A42D3E6B4000507B0A /* Domain */ = {
			isa = PBXGroup;
			children = (
				669236C62D3E6D2200507B0A /* EventRepo.swift */,
				669236B92D3E6C4A00507B0A /* Models */,
				669236BA2D3E6C5200507B0A /* UseCases */,
			);
			path = Domain;
			sourceTree = "<group>";
		};
		669236A52D3E6B4500507B0A /* Core */ = {
			isa = PBXGroup;
			children = (
				66ABE61A2D4056B30014C8E9 /* Helpers */,
				66ABE6182D4036990014C8E9 /* ThumbanilGenerator.swift */,
				66ABE60D2D4025CA0014C8E9 /* Extentions */,
			);
			path = Core;
			sourceTree = "<group>";
		};
		669236A62D3E6B7700507B0A /* Views */ = {
			isa = PBXGroup;
			children = (
				669236AD2D3E6BC300507B0A /* EventCreationView.swift */,
				669236A92D3E6BAA00507B0A /* EventListView.swift */,
				669236AB2D3E6BB700507B0A /* EventDetailView.swift */,
			);
			path = Views;
			sourceTree = "<group>";
		};
		669236A72D3E6B7E00507B0A /* ViewModels */ = {
			isa = PBXGroup;
			children = (
				669236AF2D3E6BCE00507B0A /* EventCreationVM.swift */,
				669236B52D3E6C0F00507B0A /* EventListVM.swift */,
				669236B12D3E6BE800507B0A /* EventDetailVM.swift */,
			);
			path = ViewModels;
			sourceTree = "<group>";
		};
		669236A82D3E6B8500507B0A /* Components */ = {
			isa = PBXGroup;
			children = (
				66ABE6102D4027CD0014C8E9 /* VLine.swift */,
				662B32042D3EAB9700991F1A /* EventCardView.swift */,
			);
			path = Components;
			sourceTree = "<group>";
		};
		669236B92D3E6C4A00507B0A /* Models */ = {
			isa = PBXGroup;
			children = (
				669236B72D3E6C3400507B0A /* Event.swift */,
			);
			path = Models;
			sourceTree = "<group>";
		};
		669236BA2D3E6C5200507B0A /* UseCases */ = {
			isa = PBXGroup;
			children = (
				669236BE2D3E6C7600507B0A /* FetchEventsUseCase.swift */,
				669236BC2D3E6C6900507B0A /* CreateEventUseCase.swift */,
			);
			path = UseCases;
			sourceTree = "<group>";
		};
		669236C32D3E6CFD00507B0A /* Repos */ = {
			isa = PBXGroup;
			children = (
				669236C42D3E6D0200507B0A /* EventRepoImpl.swift */,
			);
			path = Repos;
			sourceTree = "<group>";
		};
		669236C82D3E6D3B00507B0A /* Persistance */ = {
			isa = PBXGroup;
			children = (
				669236CC2D3E6D5300507B0A /* DatabaseManager.swift */,
			);
			path = Persistance;
			sourceTree = "<group>";
		};
		669236CF2D3E6F9C00507B0A /* Models */ = {
			isa = PBXGroup;
			children = (
				669236D22D3E6FCE00507B0A /* EventRecord.swift */,
			);
			path = Models;
			sourceTree = "<group>";
		};
		66ABE60D2D4025CA0014C8E9 /* Extentions */ = {
			isa = PBXGroup;
			children = (
				66ABE60E2D4025F40014C8E9 /* Date+String.swift */,
			);
			path = Extentions;
			sourceTree = "<group>";
		};
		66ABE61A2D4056B30014C8E9 /* Helpers */ = {
			isa = PBXGroup;
			children = (
				66ABE61D2D4066590014C8E9 /* ResizeHelper.swift */,
				66ABE61B2D4056BB0014C8E9 /* FileManagerHelper.swift */,
			);
			path = Helpers;
			sourceTree = "<group>";
		};
/* End PBXGroup section */

/* Begin PBXNativeTarget section */
		669236742D3E688C00507B0A /* EventManager */ = {
			isa = PBXNativeTarget;
			buildConfigurationList = 669236832D3E688D00507B0A /* Build configuration list for PBXNativeTarget "EventManager" */;
			buildPhases = (
				669236712D3E688C00507B0A /* Sources */,
				669236722D3E688C00507B0A /* Frameworks */,
				669236732D3E688C00507B0A /* Resources */,
				662B32012D3E7BAC00991F1A /* Embed Frameworks */,
			);
			buildRules = (
			);
			dependencies = (
			);
			name = EventManager;
			packageProductDependencies = (
				662B31FA2D3E7B9C00991F1A /* GRDB */,
				662B31FC2D3E7BA800991F1A /* GRDBSQLite */,
			);
			productName = EventManager;
			productReference = 669236752D3E688C00507B0A /* EventManager.app */;
			productType = "com.apple.product-type.application";
		};
/* End PBXNativeTarget section */

/* Begin PBXProject section */
		6692366D2D3E688C00507B0A /* Project object */ = {
			isa = PBXProject;
			attributes = {
				BuildIndependentTargetsInParallel = 1;
				LastSwiftUpdateCheck = 1620;
				LastUpgradeCheck = 1620;
				TargetAttributes = {
					669236742D3E688C00507B0A = {
						CreatedOnToolsVersion = 16.2;
					};
				};
			};
			buildConfigurationList = 669236702D3E688C00507B0A /* Build configuration list for PBXProject "EventManager" */;
			developmentRegion = en;
			hasScannedForEncodings = 0;
			knownRegions = (
				en,
				Base,
			);
			mainGroup = 6692366C2D3E688C00507B0A;
			minimizedProjectReferenceProxies = 1;
			packageReferences = (
				669236CE2D3E6EE600507B0A /* XCRemoteSwiftPackageReference "GRDB.swift" */,
			);
			preferredProjectObjectVersion = 77;
			productRefGroup = 669236762D3E688C00507B0A /* Products */;
			projectDirPath = "";
			projectRoot = "";
			targets = (
				669236742D3E688C00507B0A /* EventManager */,
			);
		};
/* End PBXProject section */

/* Begin PBXResourcesBuildPhase section */
		669236732D3E688C00507B0A /* Resources */ = {
			isa = PBXResourcesBuildPhase;
			buildActionMask = 2147483647;
			files = (
				6692369E2D3E6A1900507B0A /* Preview Assets.xcassets in Resources */,
				6692369F2D3E6A1900507B0A /* Assets.xcassets in Resources */,
			);
			runOnlyForDeploymentPostprocessing = 0;
		};
/* End PBXResourcesBuildPhase section */

/* Begin PBXSourcesBuildPhase section */
		669236712D3E688C00507B0A /* Sources */ = {
			isa = PBXSourcesBuildPhase;
			buildActionMask = 2147483647;
			files = (
				662B32032D3E940E00991F1A /* Coordinator.swift in Sources */,
				669236D32D3E6FD100507B0A /* EventRecord.swift in Sources */,
				669236AC2D3E6BB700507B0A /* EventDetailView.swift in Sources */,
				66ABE6192D4036A10014C8E9 /* ThumbanilGenerator.swift in Sources */,
				662B32052D3EAB9C00991F1A /* EventCardView.swift in Sources */,
				669236C72D3E6D2600507B0A /* EventRepo.swift in Sources */,
				66ABE61C2D4056BD0014C8E9 /* FileManagerHelper.swift in Sources */,
				669236B82D3E6C3600507B0A /* Event.swift in Sources */,
				669236BF2D3E6C7700507B0A /* FetchEventsUseCase.swift in Sources */,
				66ABE61E2D40665E0014C8E9 /* ResizeHelper.swift in Sources */,
				669236B22D3E6BF500507B0A /* EventDetailVM.swift in Sources */,
				669236A02D3E6A1900507B0A /* ContentView.swift in Sources */,
				669236CD2D3E6D6000507B0A /* DatabaseManager.swift in Sources */,
				669236C52D3E6D1500507B0A /* EventRepoImpl.swift in Sources */,
				669236AA2D3E6BAA00507B0A /* EventListView.swift in Sources */,
				669236A12D3E6A1900507B0A /* EventManagerApp.swift in Sources */,
				669236BD2D3E6C6C00507B0A /* CreateEventUseCase.swift in Sources */,
				66ABE6112D4027CE0014C8E9 /* VLine.swift in Sources */,
				66ABE60F2D4025F80014C8E9 /* Date+String.swift in Sources */,
				669236B62D3E6C1600507B0A /* EventListVM.swift in Sources */,
				669236B02D3E6BD200507B0A /* EventCreationVM.swift in Sources */,
				669236AE2D3E6BC300507B0A /* EventCreationView.swift in Sources */,
			);
			runOnlyForDeploymentPostprocessing = 0;
		};
/* End PBXSourcesBuildPhase section */

/* Begin XCBuildConfiguration section */
		669236812D3E688D00507B0A /* Debug */ = {
			isa = XCBuildConfiguration;
			buildSettings = {
				ALWAYS_SEARCH_USER_PATHS = NO;
				ASSETCATALOG_COMPILER_GENERATE_SWIFT_ASSET_SYMBOL_EXTENSIONS = YES;
				CLANG_ANALYZER_NONNULL = YES;
				CLANG_ANALYZER_NUMBER_OBJECT_CONVERSION = YES_AGGRESSIVE;
				CLANG_CXX_LANGUAGE_STANDARD = "gnu++20";
				CLANG_ENABLE_MODULES = YES;
				CLANG_ENABLE_OBJC_ARC = YES;
				CLANG_ENABLE_OBJC_WEAK = YES;
				CLANG_WARN_BLOCK_CAPTURE_AUTORELEASING = YES;
				CLANG_WARN_BOOL_CONVERSION = YES;
				CLANG_WARN_COMMA = YES;
				CLANG_WARN_CONSTANT_CONVERSION = YES;
				CLANG_WARN_DEPRECATED_OBJC_IMPLEMENTATIONS = YES;
				CLANG_WARN_DIRECT_OBJC_ISA_USAGE = YES_ERROR;
				CLANG_WARN_DOCUMENTATION_COMMENTS = YES;
				CLANG_WARN_EMPTY_BODY = YES;
				CLANG_WARN_ENUM_CONVERSION = YES;
				CLANG_WARN_INFINITE_RECURSION = YES;
				CLANG_WARN_INT_CONVERSION = YES;
				CLANG_WARN_NON_LITERAL_NULL_CONVERSION = YES;
				CLANG_WARN_OBJC_IMPLICIT_RETAIN_SELF = YES;
				CLANG_WARN_OBJC_LITERAL_CONVERSION = YES;
				CLANG_WARN_OBJC_ROOT_CLASS = YES_ERROR;
				CLANG_WARN_QUOTED_INCLUDE_IN_FRAMEWORK_HEADER = YES;
				CLANG_WARN_RANGE_LOOP_ANALYSIS = YES;
				CLANG_WARN_STRICT_PROTOTYPES = YES;
				CLANG_WARN_SUSPICIOUS_MOVE = YES;
				CLANG_WARN_UNGUARDED_AVAILABILITY = YES_AGGRESSIVE;
				CLANG_WARN_UNREACHABLE_CODE = YES;
				CLANG_WARN__DUPLICATE_METHOD_MATCH = YES;
				COPY_PHASE_STRIP = NO;
				DEBUG_INFORMATION_FORMAT = dwarf;
				ENABLE_STRICT_OBJC_MSGSEND = YES;
				ENABLE_TESTABILITY = YES;
				ENABLE_USER_SCRIPT_SANDBOXING = YES;
				GCC_C_LANGUAGE_STANDARD = gnu17;
				GCC_DYNAMIC_NO_PIC = NO;
				GCC_NO_COMMON_BLOCKS = YES;
				GCC_OPTIMIZATION_LEVEL = 0;
				GCC_PREPROCESSOR_DEFINITIONS = (
					"DEBUG=1",
					"$(inherited)",
				);
				GCC_WARN_64_TO_32_BIT_CONVERSION = YES;
				GCC_WARN_ABOUT_RETURN_TYPE = YES_ERROR;
				GCC_WARN_UNDECLARED_SELECTOR = YES;
				GCC_WARN_UNINITIALIZED_AUTOS = YES_AGGRESSIVE;
				GCC_WARN_UNUSED_FUNCTION = YES;
				GCC_WARN_UNUSED_VARIABLE = YES;
				IPHONEOS_DEPLOYMENT_TARGET = 18.2;
				LOCALIZATION_PREFERS_STRING_CATALOGS = YES;
				MTL_ENABLE_DEBUG_INFO = INCLUDE_SOURCE;
				MTL_FAST_MATH = YES;
				ONLY_ACTIVE_ARCH = YES;
				SDKROOT = iphoneos;
				SWIFT_ACTIVE_COMPILATION_CONDITIONS = "DEBUG $(inherited)";
				SWIFT_OPTIMIZATION_LEVEL = "-Onone";
			};
			name = Debug;
		};
		669236822D3E688D00507B0A /* Release */ = {
			isa = XCBuildConfiguration;
			buildSettings = {
				ALWAYS_SEARCH_USER_PATHS = NO;
				ASSETCATALOG_COMPILER_GENERATE_SWIFT_ASSET_SYMBOL_EXTENSIONS = YES;
				CLANG_ANALYZER_NONNULL = YES;
				CLANG_ANALYZER_NUMBER_OBJECT_CONVERSION = YES_AGGRESSIVE;
				CLANG_CXX_LANGUAGE_STANDARD = "gnu++20";
				CLANG_ENABLE_MODULES = YES;
				CLANG_ENABLE_OBJC_ARC = YES;
				CLANG_ENABLE_OBJC_WEAK = YES;
				CLANG_WARN_BLOCK_CAPTURE_AUTORELEASING = YES;
				CLANG_WARN_BOOL_CONVERSION = YES;
				CLANG_WARN_COMMA = YES;
				CLANG_WARN_CONSTANT_CONVERSION = YES;
				CLANG_WARN_DEPRECATED_OBJC_IMPLEMENTATIONS = YES;
				CLANG_WARN_DIRECT_OBJC_ISA_USAGE = YES_ERROR;
				CLANG_WARN_DOCUMENTATION_COMMENTS = YES;
				CLANG_WARN_EMPTY_BODY = YES;
				CLANG_WARN_ENUM_CONVERSION = YES;
				CLANG_WARN_INFINITE_RECURSION = YES;
				CLANG_WARN_INT_CONVERSION = YES;
				CLANG_WARN_NON_LITERAL_NULL_CONVERSION = YES;
				CLANG_WARN_OBJC_IMPLICIT_RETAIN_SELF = YES;
				CLANG_WARN_OBJC_LITERAL_CONVERSION = YES;
				CLANG_WARN_OBJC_ROOT_CLASS = YES_ERROR;
				CLANG_WARN_QUOTED_INCLUDE_IN_FRAMEWORK_HEADER = YES;
				CLANG_WARN_RANGE_LOOP_ANALYSIS = YES;
				CLANG_WARN_STRICT_PROTOTYPES = YES;
				CLANG_WARN_SUSPICIOUS_MOVE = YES;
				CLANG_WARN_UNGUARDED_AVAILABILITY = YES_AGGRESSIVE;
				CLANG_WARN_UNREACHABLE_CODE = YES;
				CLANG_WARN__DUPLICATE_METHOD_MATCH = YES;
				COPY_PHASE_STRIP = NO;
				DEBUG_INFORMATION_FORMAT = "dwarf-with-dsym";
				ENABLE_NS_ASSERTIONS = NO;
				ENABLE_STRICT_OBJC_MSGSEND = YES;
				ENABLE_USER_SCRIPT_SANDBOXING = YES;
				GCC_C_LANGUAGE_STANDARD = gnu17;
				GCC_NO_COMMON_BLOCKS = YES;
				GCC_WARN_64_TO_32_BIT_CONVERSION = YES;
				GCC_WARN_ABOUT_RETURN_TYPE = YES_ERROR;
				GCC_WARN_UNDECLARED_SELECTOR = YES;
				GCC_WARN_UNINITIALIZED_AUTOS = YES_AGGRESSIVE;
				GCC_WARN_UNUSED_FUNCTION = YES;
				GCC_WARN_UNUSED_VARIABLE = YES;
				IPHONEOS_DEPLOYMENT_TARGET = 18.2;
				LOCALIZATION_PREFERS_STRING_CATALOGS = YES;
				MTL_ENABLE_DEBUG_INFO = NO;
				MTL_FAST_MATH = YES;
				SDKROOT = iphoneos;
				SWIFT_COMPILATION_MODE = wholemodule;
				VALIDATE_PRODUCT = YES;
			};
			name = Release;
		};
		669236842D3E688D00507B0A /* Debug */ = {
			isa = XCBuildConfiguration;
			buildSettings = {
				ASSETCATALOG_COMPILER_APPICON_NAME = AppIcon;
				ASSETCATALOG_COMPILER_GLOBAL_ACCENT_COLOR_NAME = AccentColor;
				CODE_SIGN_STYLE = Automatic;
				CURRENT_PROJECT_VERSION = 1;
				DEVELOPMENT_ASSET_PATHS = "\"EventManager/Preview Content\"";
				DEVELOPMENT_TEAM = 847S254GLW;
				ENABLE_PREVIEWS = YES;
				GENERATE_INFOPLIST_FILE = YES;
				INFOPLIST_KEY_UIApplicationSceneManifest_Generation = YES;
				INFOPLIST_KEY_UIApplicationSupportsIndirectInputEvents = YES;
				INFOPLIST_KEY_UILaunchScreen_Generation = YES;
				INFOPLIST_KEY_UISupportedInterfaceOrientations_iPad = "UIInterfaceOrientationPortrait UIInterfaceOrientationPortraitUpsideDown UIInterfaceOrientationLandscapeLeft UIInterfaceOrientationLandscapeRight";
				INFOPLIST_KEY_UISupportedInterfaceOrientations_iPhone = "UIInterfaceOrientationPortrait UIInterfaceOrientationLandscapeLeft UIInterfaceOrientationLandscapeRight";
				IPHONEOS_DEPLOYMENT_TARGET = 16;
				LD_RUNPATH_SEARCH_PATHS = (
					"$(inherited)",
					"@executable_path/Frameworks",
				);
				MARKETING_VERSION = 1.0;
				PRODUCT_BUNDLE_IDENTIFIER = "shirin-yan.EventManager";
				PRODUCT_NAME = "$(TARGET_NAME)";
				SWIFT_EMIT_LOC_STRINGS = YES;
				SWIFT_VERSION = 5.0;
				TARGETED_DEVICE_FAMILY = "1,2";
			};
			name = Debug;
		};
		669236852D3E688D00507B0A /* Release */ = {
			isa = XCBuildConfiguration;
			buildSettings = {
				ASSETCATALOG_COMPILER_APPICON_NAME = AppIcon;
				ASSETCATALOG_COMPILER_GLOBAL_ACCENT_COLOR_NAME = AccentColor;
				CODE_SIGN_STYLE = Automatic;
				CURRENT_PROJECT_VERSION = 1;
				DEVELOPMENT_ASSET_PATHS = "\"EventManager/Preview Content\"";
				DEVELOPMENT_TEAM = 847S254GLW;
				ENABLE_PREVIEWS = YES;
				GENERATE_INFOPLIST_FILE = YES;
				INFOPLIST_KEY_UIApplicationSceneManifest_Generation = YES;
				INFOPLIST_KEY_UIApplicationSupportsIndirectInputEvents = YES;
				INFOPLIST_KEY_UILaunchScreen_Generation = YES;
				INFOPLIST_KEY_UISupportedInterfaceOrientations_iPad = "UIInterfaceOrientationPortrait UIInterfaceOrientationPortraitUpsideDown UIInterfaceOrientationLandscapeLeft UIInterfaceOrientationLandscapeRight";
				INFOPLIST_KEY_UISupportedInterfaceOrientations_iPhone = "UIInterfaceOrientationPortrait UIInterfaceOrientationLandscapeLeft UIInterfaceOrientationLandscapeRight";
				IPHONEOS_DEPLOYMENT_TARGET = 16;
				LD_RUNPATH_SEARCH_PATHS = (
					"$(inherited)",
					"@executable_path/Frameworks",
				);
				MARKETING_VERSION = 1.0;
				PRODUCT_BUNDLE_IDENTIFIER = "shirin-yan.EventManager";
				PRODUCT_NAME = "$(TARGET_NAME)";
				SWIFT_EMIT_LOC_STRINGS = YES;
				SWIFT_VERSION = 5.0;
				TARGETED_DEVICE_FAMILY = "1,2";
			};
			name = Release;
		};
/* End XCBuildConfiguration section */

/* Begin XCConfigurationList section */
		669236702D3E688C00507B0A /* Build configuration list for PBXProject "EventManager" */ = {
			isa = XCConfigurationList;
			buildConfigurations = (
				669236812D3E688D00507B0A /* Debug */,
				669236822D3E688D00507B0A /* Release */,
			);
			defaultConfigurationIsVisible = 0;
			defaultConfigurationName = Release;
		};
		669236832D3E688D00507B0A /* Build configuration list for PBXNativeTarget "EventManager" */ = {
			isa = XCConfigurationList;
			buildConfigurations = (
				669236842D3E688D00507B0A /* Debug */,
				669236852D3E688D00507B0A /* Release */,
			);
			defaultConfigurationIsVisible = 0;
			defaultConfigurationName = Release;
		};
/* End XCConfigurationList section */

/* Begin XCRemoteSwiftPackageReference section */
		669236CE2D3E6EE600507B0A /* XCRemoteSwiftPackageReference "GRDB.swift" */ = {
			isa = XCRemoteSwiftPackageReference;
			repositoryURL = "https://github.com/groue/GRDB.swift.git";
			requirement = {
				branch = master;
				kind = branch;
			};
		};
/* End XCRemoteSwiftPackageReference section */

/* Begin XCSwiftPackageProductDependency section */
		662B31FA2D3E7B9C00991F1A /* GRDB */ = {
			isa = XCSwiftPackageProductDependency;
			package = 669236CE2D3E6EE600507B0A /* XCRemoteSwiftPackageReference "GRDB.swift" */;
			productName = GRDB;
		};
		662B31FC2D3E7BA800991F1A /* GRDBSQLite */ = {
			isa = XCSwiftPackageProductDependency;
			package = 669236CE2D3E6EE600507B0A /* XCRemoteSwiftPackageReference "GRDB.swift" */;
			productName = GRDBSQLite;
		};
/* End XCSwiftPackageProductDependency section */
	};
	rootObject = 6692366D2D3E688C00507B0A /* Project object */;
}
